// !$*UTF8*$!
{
	archiveVersion = 1;
	classes = {
	};
	objectVersion = 46;
	objects = {

/* Begin PBXBuildFile section */
		D56652F21D82E57B009A299A /* AppDelegate.swift in Sources */ = {isa = PBXBuildFile; fileRef = D56652F11D82E57B009A299A /* AppDelegate.swift */; };
		D56652F41D82E57B009A299A /* ViewController.swift in Sources */ = {isa = PBXBuildFile; fileRef = D56652F31D82E57B009A299A /* ViewController.swift */; };
		D566530B1D82E968009A299A /* LaunchScreen.storyboard in Resources */ = {isa = PBXBuildFile; fileRef = D56653041D82E968009A299A /* LaunchScreen.storyboard */; };
		D566530C1D82E968009A299A /* Main.storyboard in Resources */ = {isa = PBXBuildFile; fileRef = D56653061D82E968009A299A /* Main.storyboard */; };
		D566530D1D82E968009A299A /* Images.xcassets in Resources */ = {isa = PBXBuildFile; fileRef = D56653081D82E968009A299A /* Images.xcassets */; };
		D566530E1D82E968009A299A /* Info.plist in Resources */ = {isa = PBXBuildFile; fileRef = D56653091D82E968009A299A /* Info.plist */; };
		D56653121D82FDD1009A299A /* Alamofire.framework in Frameworks */ = {isa = PBXBuildFile; fileRef = D56653111D82FDD1009A299A /* Alamofire.framework */; };
		D5A2C9491D82FEA8004DEB41 /* Cartography.framework in Frameworks */ = {isa = PBXBuildFile; fileRef = D5A2C93E1D82FEA8004DEB41 /* Cartography.framework */; };
		D5A2C94A1D82FEA8004DEB41 /* Gloss.framework in Frameworks */ = {isa = PBXBuildFile; fileRef = D5A2C93F1D82FEA8004DEB41 /* Gloss.framework */; };
		D5A2C94B1D82FEA8004DEB41 /* PSOperations.framework in Frameworks */ = {isa = PBXBuildFile; fileRef = D5A2C9401D82FEA8004DEB41 /* PSOperations.framework */; };
		D5A2C94C1D82FEA8004DEB41 /* PSOperationsHealth.framework in Frameworks */ = {isa = PBXBuildFile; fileRef = D5A2C9411D82FEA8004DEB41 /* PSOperationsHealth.framework */; };
		D5A2C94D1D82FEA8004DEB41 /* PSOperationsPassbook.framework in Frameworks */ = {isa = PBXBuildFile; fileRef = D5A2C9421D82FEA8004DEB41 /* PSOperationsPassbook.framework */; };
		D5A2C94E1D82FEA8004DEB41 /* RxBlocking.framework in Frameworks */ = {isa = PBXBuildFile; fileRef = D5A2C9431D82FEA8004DEB41 /* RxBlocking.framework */; };
		D5A2C94F1D82FEA8004DEB41 /* RxCocoa.framework in Frameworks */ = {isa = PBXBuildFile; fileRef = D5A2C9441D82FEA8004DEB41 /* RxCocoa.framework */; };
		D5A2C9501D82FEA8004DEB41 /* RxSwift.framework in Frameworks */ = {isa = PBXBuildFile; fileRef = D5A2C9451D82FEA8004DEB41 /* RxSwift.framework */; };
		D5A2C9521D82FEA8004DEB41 /* SwiftDate.framework in Frameworks */ = {isa = PBXBuildFile; fileRef = D5A2C9471D82FEA8004DEB41 /* SwiftDate.framework */; };
		D5A2C9531D82FEA8004DEB41 /* SwiftyJSON.framework in Frameworks */ = {isa = PBXBuildFile; fileRef = D5A2C9481D82FEA8004DEB41 /* SwiftyJSON.framework */; };
/* End PBXBuildFile section */

/* Begin PBXFileReference section */
		D56652EE1D82E57B009A299A /* HDXSwift.app */ = {isa = PBXFileReference; explicitFileType = wrapper.application; includeInIndex = 0; path = HDXSwift.app; sourceTree = BUILT_PRODUCTS_DIR; };
		D56652F11D82E57B009A299A /* AppDelegate.swift */ = {isa = PBXFileReference; lastKnownFileType = sourcecode.swift; path = AppDelegate.swift; sourceTree = "<group>"; };
		D56652F31D82E57B009A299A /* ViewController.swift */ = {isa = PBXFileReference; lastKnownFileType = sourcecode.swift; path = ViewController.swift; sourceTree = "<group>"; };
		D56653051D82E968009A299A /* Base */ = {isa = PBXFileReference; lastKnownFileType = file.storyboard; name = Base; path = Base.lproj/LaunchScreen.storyboard; sourceTree = "<group>"; };
		D56653071D82E968009A299A /* Base */ = {isa = PBXFileReference; lastKnownFileType = file.storyboard; name = Base; path = Base.lproj/Main.storyboard; sourceTree = "<group>"; };
		D56653081D82E968009A299A /* Images.xcassets */ = {isa = PBXFileReference; lastKnownFileType = folder.assetcatalog; path = Images.xcassets; sourceTree = "<group>"; };
		D56653091D82E968009A299A /* Info.plist */ = {isa = PBXFileReference; fileEncoding = 4; lastKnownFileType = text.plist.xml; path = Info.plist; sourceTree = "<group>"; };
		D56653111D82FDD1009A299A /* Alamofire.framework */ = {isa = PBXFileReference; lastKnownFileType = wrapper.framework; name = Alamofire.framework; path = Carthage/Build/iOS/Alamofire.framework; sourceTree = SOURCE_ROOT; };
		D5A2C93E1D82FEA8004DEB41 /* Cartography.framework */ = {isa = PBXFileReference; lastKnownFileType = wrapper.framework; name = Cartography.framework; path = Carthage/Build/iOS/Cartography.framework; sourceTree = SOURCE_ROOT; };
		D5A2C93F1D82FEA8004DEB41 /* Gloss.framework */ = {isa = PBXFileReference; lastKnownFileType = wrapper.framework; name = Gloss.framework; path = Carthage/Build/iOS/Gloss.framework; sourceTree = SOURCE_ROOT; };
		D5A2C9401D82FEA8004DEB41 /* PSOperations.framework */ = {isa = PBXFileReference; lastKnownFileType = wrapper.framework; name = PSOperations.framework; path = Carthage/Build/iOS/PSOperations.framework; sourceTree = SOURCE_ROOT; };
		D5A2C9411D82FEA8004DEB41 /* PSOperationsHealth.framework */ = {isa = PBXFileReference; lastKnownFileType = wrapper.framework; name = PSOperationsHealth.framework; path = Carthage/Build/iOS/PSOperationsHealth.framework; sourceTree = SOURCE_ROOT; };
		D5A2C9421D82FEA8004DEB41 /* PSOperationsPassbook.framework */ = {isa = PBXFileReference; lastKnownFileType = wrapper.framework; name = PSOperationsPassbook.framework; path = Carthage/Build/iOS/PSOperationsPassbook.framework; sourceTree = SOURCE_ROOT; };
		D5A2C9431D82FEA8004DEB41 /* RxBlocking.framework */ = {isa = PBXFileReference; lastKnownFileType = wrapper.framework; name = RxBlocking.framework; path = Carthage/Build/iOS/RxBlocking.framework; sourceTree = SOURCE_ROOT; };
		D5A2C9441D82FEA8004DEB41 /* RxCocoa.framework */ = {isa = PBXFileReference; lastKnownFileType = wrapper.framework; name = RxCocoa.framework; path = Carthage/Build/iOS/RxCocoa.framework; sourceTree = SOURCE_ROOT; };
		D5A2C9451D82FEA8004DEB41 /* RxSwift.framework */ = {isa = PBXFileReference; lastKnownFileType = wrapper.framework; name = RxSwift.framework; path = Carthage/Build/iOS/RxSwift.framework; sourceTree = SOURCE_ROOT; };
		D5A2C9471D82FEA8004DEB41 /* SwiftDate.framework */ = {isa = PBXFileReference; lastKnownFileType = wrapper.framework; name = SwiftDate.framework; path = Carthage/Build/iOS/SwiftDate.framework; sourceTree = SOURCE_ROOT; };
		D5A2C9481D82FEA8004DEB41 /* SwiftyJSON.framework */ = {isa = PBXFileReference; lastKnownFileType = wrapper.framework; name = SwiftyJSON.framework; path = Carthage/Build/iOS/SwiftyJSON.framework; sourceTree = SOURCE_ROOT; };
/* End PBXFileReference section */

/* Begin PBXFrameworksBuildPhase section */
		D56652EB1D82E57B009A299A /* Frameworks */ = {
			isa = PBXFrameworksBuildPhase;
			buildActionMask = 2147483647;
			files = (
				D5A2C9491D82FEA8004DEB41 /* Cartography.framework in Frameworks */,
				D5A2C94A1D82FEA8004DEB41 /* Gloss.framework in Frameworks */,
				D5A2C94B1D82FEA8004DEB41 /* PSOperations.framework in Frameworks */,
				D5A2C94C1D82FEA8004DEB41 /* PSOperationsHealth.framework in Frameworks */,
				D5A2C94D1D82FEA8004DEB41 /* PSOperationsPassbook.framework in Frameworks */,
				D5A2C94E1D82FEA8004DEB41 /* RxBlocking.framework in Frameworks */,
				D5A2C94F1D82FEA8004DEB41 /* RxCocoa.framework in Frameworks */,
				D5A2C9501D82FEA8004DEB41 /* RxSwift.framework in Frameworks */,
				D5A2C9521D82FEA8004DEB41 /* SwiftDate.framework in Frameworks */,
				D5A2C9531D82FEA8004DEB41 /* SwiftyJSON.framework in Frameworks */,
				D56653121D82FDD1009A299A /* Alamofire.framework in Frameworks */,
			);
			runOnlyForDeploymentPostprocessing = 0;
		};
/* End PBXFrameworksBuildPhase section */

/* Begin PBXGroup section */
		D56652E51D82E57B009A299A = {
			isa = PBXGroup;
			children = (
				D56653101D82FD76009A299A /* Frameworks */,
				D56652F01D82E57B009A299A /* HDXSwift */,
				D56652EF1D82E57B009A299A /* Products */,
			);
			sourceTree = "<group>";
		};
		D56652EF1D82E57B009A299A /* Products */ = {
			isa = PBXGroup;
			children = (
				D56652EE1D82E57B009A299A /* HDXSwift.app */,
			);
			name = Products;
			sourceTree = "<group>";
		};
		D56652F01D82E57B009A299A /* HDXSwift */ = {
			isa = PBXGroup;
			children = (
				D56653031D82E968009A299A /* Resources */,
				D56652F11D82E57B009A299A /* AppDelegate.swift */,
				D56652F31D82E57B009A299A /* ViewController.swift */,
			);
			path = HDXSwift;
			sourceTree = "<group>";
		};
		D56653031D82E968009A299A /* Resources */ = {
			isa = PBXGroup;
			children = (
				D566530F1D82E998009A299A /* Xibs */,
				D56653081D82E968009A299A /* Images.xcassets */,
				D56653091D82E968009A299A /* Info.plist */,
				D566530A1D82E968009A299A /* Loczilation */,
			);
			path = Resources;
			sourceTree = "<group>";
		};
		D566530A1D82E968009A299A /* Loczilation */ = {
			isa = PBXGroup;
			children = (
			);
			path = Loczilation;
			sourceTree = "<group>";
		};
		D566530F1D82E998009A299A /* Xibs */ = {
			isa = PBXGroup;
			children = (
				D56653041D82E968009A299A /* LaunchScreen.storyboard */,
				D56653061D82E968009A299A /* Main.storyboard */,
			);
			name = Xibs;
			sourceTree = "<group>";
		};
		D56653101D82FD76009A299A /* Frameworks */ = {
			isa = PBXGroup;
			children = (
				D5A2C93E1D82FEA8004DEB41 /* Cartography.framework */,
				D5A2C93F1D82FEA8004DEB41 /* Gloss.framework */,
				D5A2C9401D82FEA8004DEB41 /* PSOperations.framework */,
				D5A2C9411D82FEA8004DEB41 /* PSOperationsHealth.framework */,
				D5A2C9421D82FEA8004DEB41 /* PSOperationsPassbook.framework */,
				D5A2C9431D82FEA8004DEB41 /* RxBlocking.framework */,
				D5A2C9441D82FEA8004DEB41 /* RxCocoa.framework */,
				D5A2C9451D82FEA8004DEB41 /* RxSwift.framework */,
				D5A2C9471D82FEA8004DEB41 /* SwiftDate.framework */,
				D5A2C9481D82FEA8004DEB41 /* SwiftyJSON.framework */,
				D56653111D82FDD1009A299A /* Alamofire.framework */,
			);
			path = Frameworks;
			sourceTree = "<group>";
		};
/* End PBXGroup section */

/* Begin PBXNativeTarget section */
		D56652ED1D82E57B009A299A /* HDXSwift */ = {
			isa = PBXNativeTarget;
			buildConfigurationList = D56653001D82E57B009A299A /* Build configuration list for PBXNativeTarget "HDXSwift" */;
			buildPhases = (
				D56652EA1D82E57B009A299A /* Sources */,
				D56652EB1D82E57B009A299A /* Frameworks */,
				D56652EC1D82E57B009A299A /* Resources */,
				D56653131D82FDF0009A299A /* ShellScript */,
			);
			buildRules = (
			);
			dependencies = (
			);
			name = HDXSwift;
			productName = HDXSwift;
			productReference = D56652EE1D82E57B009A299A /* HDXSwift.app */;
			productType = "com.apple.product-type.application";
		};
/* End PBXNativeTarget section */

/* Begin PBXProject section */
		D56652E61D82E57B009A299A /* Project object */ = {
			isa = PBXProject;
			attributes = {
				LastSwiftUpdateCheck = 0730;
				LastUpgradeCheck = 0730;
				ORGANIZATIONNAME = huangdaxia;
				TargetAttributes = {
					D56652ED1D82E57B009A299A = {
						CreatedOnToolsVersion = 7.3.1;
					};
				};
			};
			buildConfigurationList = D56652E91D82E57B009A299A /* Build configuration list for PBXProject "HDXSwift" */;
			compatibilityVersion = "Xcode 3.2";
			developmentRegion = English;
			hasScannedForEncodings = 0;
			knownRegions = (
				en,
				Base,
			);
			mainGroup = D56652E51D82E57B009A299A;
			productRefGroup = D56652EF1D82E57B009A299A /* Products */;
			projectDirPath = "";
			projectRoot = "";
			targets = (
				D56652ED1D82E57B009A299A /* HDXSwift */,
			);
		};
/* End PBXProject section */

/* Begin PBXResourcesBuildPhase section */
		D56652EC1D82E57B009A299A /* Resources */ = {
			isa = PBXResourcesBuildPhase;
			buildActionMask = 2147483647;
			files = (
				D566530C1D82E968009A299A /* Main.storyboard in Resources */,
				D566530B1D82E968009A299A /* LaunchScreen.storyboard in Resources */,
				D566530D1D82E968009A299A /* Images.xcassets in Resources */,
				D566530E1D82E968009A299A /* Info.plist in Resources */,
			);
			runOnlyForDeploymentPostprocessing = 0;
		};
/* End PBXResourcesBuildPhase section */

/* Begin PBXShellScriptBuildPhase section */
		D56653131D82FDF0009A299A /* ShellScript */ = {
			isa = PBXShellScriptBuildPhase;
			buildActionMask = 2147483647;
			files = (
			);
			inputPaths = (
				"$(SRCROOT)/Carthage/Build/iOS/Alamofire.framework",
				"$(SRCROOT)/Carthage/Build/iOS/Cartography.framework",
				"$(SRCROOT)/Carthage/Build/iOS/Gloss.framework",
				"$(SRCROOT)/Carthage/Build/iOS/PSOperations.framework",
				"$(SRCROOT)/Carthage/Build/iOS/PSOperationsHealth.framework",
				"$(SRCROOT)/Carthage/Build/iOS/PSOperationsPassbook.framework",
				"$(SRCROOT)/Carthage/Build/iOS/RxBlocking.framework",
				"$(SRCROOT)/Carthage/Build/iOS/RxCocoa.framework",
				"$(SRCROOT)/Carthage/Build/iOS/RxSwift.framework",
				"$(SRCROOT)/Carthage/Build/iOS/SwiftDate.framework",
				"$(SRCROOT)/Carthage/Build/iOS/SwiftyJSON.framework",
			);
			outputPaths = (
			);
			runOnlyForDeploymentPostprocessing = 0;
			shellPath = /bin/sh;
			shellScript = "/usr/local/bin/carthage copy-frameworks";
		};
/* End PBXShellScriptBuildPhase section */

/* Begin PBXSourcesBuildPhase section */
		D56652EA1D82E57B009A299A /* Sources */ = {
			isa = PBXSourcesBuildPhase;
			buildActionMask = 2147483647;
			files = (
				D56652F41D82E57B009A299A /* ViewController.swift in Sources */,
				D56652F21D82E57B009A299A /* AppDelegate.swift in Sources */,
			);
			runOnlyForDeploymentPostprocessing = 0;
		};
/* End PBXSourcesBuildPhase section */

/* Begin PBXVariantGroup section */
		D56653041D82E968009A299A /* LaunchScreen.storyboard */ = {
			isa = PBXVariantGroup;
			children = (
				D56653051D82E968009A299A /* Base */,
			);
			name = LaunchScreen.storyboard;
			sourceTree = "<group>";
		};
		D56653061D82E968009A299A /* Main.storyboard */ = {
			isa = PBXVariantGroup;
			children = (
				D56653071D82E968009A299A /* Base */,
			);
			name = Main.storyboard;
			sourceTree = "<group>";
		};
/* End PBXVariantGroup section */

/* Begin XCBuildConfiguration section */
		D56652FE1D82E57B009A299A /* Debug */ = {
			isa = XCBuildConfiguration;
			buildSettings = {
				ALWAYS_SEARCH_USER_PATHS = NO;
				CLANG_ANALYZER_NONNULL = YES;
				CLANG_CXX_LANGUAGE_STANDARD = "gnu++0x";
				CLANG_CXX_LIBRARY = "libc++";
				CLANG_ENABLE_MODULES = YES;
				CLANG_ENABLE_OBJC_ARC = YES;
				CLANG_WARN_BOOL_CONVERSION = YES;
				CLANG_WARN_CONSTANT_CONVERSION = YES;
				CLANG_WARN_DIRECT_OBJC_ISA_USAGE = YES_ERROR;
				CLANG_WARN_EMPTY_BODY = YES;
				CLANG_WARN_ENUM_CONVERSION = YES;
				CLANG_WARN_INT_CONVERSION = YES;
				CLANG_WARN_OBJC_ROOT_CLASS = YES_ERROR;
				CLANG_WARN_UNREACHABLE_CODE = YES;
				CLANG_WARN__DUPLICATE_METHOD_MATCH = YES;
				"CODE_SIGN_IDENTITY[sdk=iphoneos*]" = "iPhone Developer";
				COPY_PHASE_STRIP = NO;
				DEBUG_INFORMATION_FORMAT = dwarf;
				ENABLE_STRICT_OBJC_MSGSEND = YES;
				ENABLE_TESTABILITY = YES;
				GCC_C_LANGUAGE_STANDARD = gnu99;
				GCC_DYNAMIC_NO_PIC = NO;
				GCC_NO_COMMON_BLOCKS = YES;
				GCC_OPTIMIZATION_LEVEL = 0;
				GCC_PREPROCESSOR_DEFINITIONS = (
					"DEBUG=1",
					"$(inherited)",
				);
				GCC_WARN_64_TO_32_BIT_CONVERSION = YES;
				GCC_WARN_ABOUT_RETURN_TYPE = YES_ERROR;
				GCC_WARN_UNDECLARED_SELECTOR = YES;
				GCC_WARN_UNINITIALIZED_AUTOS = YES_AGGRESSIVE;
				GCC_WARN_UNUSED_FUNCTION = YES;
				GCC_WARN_UNUSED_VARIABLE = YES;
				IPHONEOS_DEPLOYMENT_TARGET = 9.3;
				MTL_ENABLE_DEBUG_INFO = YES;
				ONLY_ACTIVE_ARCH = YES;
				SDKROOT = iphoneos;
				SWIFT_OPTIMIZATION_LEVEL = "-Onone";
				TARGETED_DEVICE_FAMILY = "1,2";
			};
			name = Debug;
		};
		D56652FF1D82E57B009A299A /* Release */ = {
			isa = XCBuildConfiguration;
			buildSettings = {
				ALWAYS_SEARCH_USER_PATHS = NO;
				CLANG_ANALYZER_NONNULL = YES;
				CLANG_CXX_LANGUAGE_STANDARD = "gnu++0x";
				CLANG_CXX_LIBRARY = "libc++";
				CLANG_ENABLE_MODULES = YES;
				CLANG_ENABLE_OBJC_ARC = YES;
				CLANG_WARN_BOOL_CONVERSION = YES;
				CLANG_WARN_CONSTANT_CONVERSION = YES;
				CLANG_WARN_DIRECT_OBJC_ISA_USAGE = YES_ERROR;
				CLANG_WARN_EMPTY_BODY = YES;
				CLANG_WARN_ENUM_CONVERSION = YES;
				CLANG_WARN_INT_CONVERSION = YES;
				CLANG_WARN_OBJC_ROOT_CLASS = YES_ERROR;
				CLANG_WARN_UNREACHABLE_CODE = YES;
				CLANG_WARN__DUPLICATE_METHOD_MATCH = YES;
				"CODE_SIGN_IDENTITY[sdk=iphoneos*]" = "iPhone Developer";
				COPY_PHASE_STRIP = NO;
				DEBUG_INFORMATION_FORMAT = "dwarf-with-dsym";
				ENABLE_NS_ASSERTIONS = NO;
				ENABLE_STRICT_OBJC_MSGSEND = YES;
				GCC_C_LANGUAGE_STANDARD = gnu99;
				GCC_NO_COMMON_BLOCKS = YES;
				GCC_WARN_64_TO_32_BIT_CONVERSION = YES;
				GCC_WARN_ABOUT_RETURN_TYPE = YES_ERROR;
				GCC_WARN_UNDECLARED_SELECTOR = YES;
				GCC_WARN_UNINITIALIZED_AUTOS = YES_AGGRESSIVE;
				GCC_WARN_UNUSED_FUNCTION = YES;
				GCC_WARN_UNUSED_VARIABLE = YES;
				IPHONEOS_DEPLOYMENT_TARGET = 9.3;
				MTL_ENABLE_DEBUG_INFO = NO;
				SDKROOT = iphoneos;
				TARGETED_DEVICE_FAMILY = "1,2";
				VALIDATE_PRODUCT = YES;
			};
			name = Release;
		};
		D56653011D82E57B009A299A /* Debug */ = {
			isa = XCBuildConfiguration;
			buildSettings = {
				ASSETCATALOG_COMPILER_APPICON_NAME = AppIcon;
				FRAMEWORK_SEARCH_PATHS = (
					"$(inherited)",
					"$(PROJECT_DIR)/Carthage/Build/iOS",
				);
				INFOPLIST_FILE = "$(SRCROOT)/HDXSwift/Resources/Info.plist";
				LD_RUNPATH_SEARCH_PATHS = "$(inherited) @executable_path/Frameworks";
				PRODUCT_BUNDLE_IDENTIFIER = cn.bong.HDXSwift;
				PRODUCT_NAME = "$(TARGET_NAME)";
			};
			name = Debug;
		};
		D56653021D82E57B009A299A /* Release */ = {
			isa = XCBuildConfiguration;
			buildSettings = {
				ASSETCATALOG_COMPILER_APPICON_NAME = AppIcon;
				FRAMEWORK_SEARCH_PATHS = (
					"$(inherited)",
					"$(PROJECT_DIR)/Carthage/Build/iOS",
				);
				INFOPLIST_FILE = "$(SRCROOT)/HDXSwift/Resources/Info.plist";
				LD_RUNPATH_SEARCH_PATHS = "$(inherited) @executable_path/Frameworks";
				PRODUCT_BUNDLE_IDENTIFIER = cn.bong.HDXSwift;
				PRODUCT_NAME = "$(TARGET_NAME)";
			};
			name = Release;
		};
/* End XCBuildConfiguration section */

/* Begin XCConfigurationList section */
		D56652E91D82E57B009A299A /* Build configuration list for PBXProject "HDXSwift" */ = {
			isa = XCConfigurationList;
			buildConfigurations = (
				D56652FE1D82E57B009A299A /* Debug */,
				D56652FF1D82E57B009A299A /* Release */,
			);
			defaultConfigurationIsVisible = 0;
			defaultConfigurationName = Release;
		};
		D56653001D82E57B009A299A /* Build configuration list for PBXNativeTarget "HDXSwift" */ = {
			isa = XCConfigurationList;
			buildConfigurations = (
				D56653011D82E57B009A299A /* Debug */,
				D56653021D82E57B009A299A /* Release */,
			);
			defaultConfigurationIsVisible = 0;
			defaultConfigurationName = Release;
		};
/* End XCConfigurationList section */
	};
	rootObject = D56652E61D82E57B009A299A /* Project object */;
}
